
Microsoft Visual Studio Solution File, Format Version 12.00
# Visual Studio Version 16
VisualStudioVersion = 16.0.29609.76
MinimumVisualStudioVersion = 10.0.40219.1
Project("{9A19103F-16F7-4668-BE54-9A1E7A4F7556}") = "ChatBot.Core.Tests", "ChatBot.Core.Tests\ChatBot.Core.Tests.csproj", "{9576037B-ADD2-4254-A8C0-0B1E9CD05A3C}"
EndProject
Project("{9A19103F-16F7-4668-BE54-9A1E7A4F7556}") = "TelegramBot", "TelegramBot\TelegramBot.csproj", "{473E8C16-8DEE-42A7-ABD3-219FD64D604A}"
EndProject
Project("{FAE04EC0-301F-11D3-BF4B-00C04F79EFBC}") = "AdminPanel", "..\AdminPanel\AdminPanel.csproj", "{280DBEAC-B1D6-4E00-A966-AA88F30C6AF3}"
EndProject
Global
	GlobalSection(SolutionConfigurationPlatforms) = preSolution
		Debug|Any CPU = Debug|Any CPU
		Release|Any CPU = Release|Any CPU
	EndGlobalSection
	GlobalSection(ProjectConfigurationPlatforms) = postSolution
		{9576037B-ADD2-4254-A8C0-0B1E9CD05A3C}.Debug|Any CPU.ActiveCfg = Debug|Any CPU
		{9576037B-ADD2-4254-A8C0-0B1E9CD05A3C}.Debug|Any CPU.Build.0 = Debug|Any CPU
		{9576037B-ADD2-4254-A8C0-0B1E9CD05A3C}.Release|Any CPU.ActiveCfg = Release|Any CPU
		{9576037B-ADD2-4254-A8C0-0B1E9CD05A3C}.Release|Any CPU.Build.0 = Release|Any CPU
		{473E8C16-8DEE-42A7-ABD3-219FD64D604A}.Debug|Any CPU.ActiveCfg = Debug|Any CPU
		{473E8C16-8DEE-42A7-ABD3-219FD64D604A}.Debug|Any CPU.Build.0 = Debug|Any CPU
		{473E8C16-8DEE-42A7-ABD3-219FD64D604A}.Release|Any CPU.ActiveCfg = Release|Any CPU
		{473E8C16-8DEE-42A7-ABD3-219FD64D604A}.Release|Any CPU.Build.0 = Release|Any CPU
		{280DBEAC-B1D6-4E00-A966-AA88F30C6AF3}.Debug|Any CPU.ActiveCfg = Debug|Any CPU
		{280DBEAC-B1D6-4E00-A966-AA88F30C6AF3}.Debug|Any CPU.Build.0 = Debug|Any CPU
		{280DBEAC-B1D6-4E00-A966-AA88F30C6AF3}.Release|Any CPU.ActiveCfg = Release|Any CPU
		{280DBEAC-B1D6-4E00-A966-AA88F30C6AF3}.Release|Any CPU.Build.0 = Release|Any CPU
	EndGlobalSection
	GlobalSection(SolutionProperties) = preSolution
		HideSolutionNode = FALSE
	EndGlobalSection
	GlobalSection(ExtensibilityGlobals) = postSolution
		SolutionGuid = {CF2A6976-2AD8-4AB9-B4AC-DA746FF1BCBB}
	EndGlobalSection
EndGlobal
